<?xml version="1.0" encoding="UTF-8" standalone="yes" ?>
<CodeBlocks_project_file>
	<FileVersion major="1" minor="6" />
	<Project>
		<Option title="Tugas_Besar_smt2" />
		<Option pch_mode="2" />
		<Option compiler="gcc" />
		<Build>
			<Target title="Debug">
				<Option output="bin/Debug/Tugas_Besar_smt2" prefix_auto="1" extension_auto="1" />
				<Option object_output="obj/Debug/" />
				<Option type="1" />
				<Option compiler="gcc" />
				<Compiler>
					<Add option="-g" />
				</Compiler>
			</Target>
			<Target title="Release">
				<Option output="bin/Release/Tugas_Besar_smt2" prefix_auto="1" extension_auto="1" />
				<Option object_output="obj/Release/" />
				<Option type="1" />
				<Option compiler="gcc" />
				<Compiler>
					<Add option="-O2" />
				</Compiler>
				<Linker>
					<Add option="-s" />
				</Linker>
			</Target>
		</Build>
		<Compiler>
			<Add option="-Wall" />
			<Add option="-fexceptions" />
		</Compiler>
		<Unit filename="Child_JASA.cpp" />
		<Unit filename="Child_Jasa.h" />
		<Unit filename="Child_TB.cpp" />
		<Unit filename="Child_TB.h" />
		<Unit filename="Multilist1-N_TB.cpp" />
		<Unit filename="Parent_TB.cpp" />
		<Unit filename="Parent_TB.h" />
		<Unit filename="Rel_J.h" />
		<Unit filename="Relasi-Jasa.cpp" />
		<Unit filename="main.cpp" />
		<Unit filename="multilist1-N_TB.h" />
		<Extensions>
			<code_completion />
			<envvars />
			<debugger />
			<lib_finder disable_auto="1" />
		</Extensions>
	</Project>
</CodeBlocks_project_file>
